
Microsoft Visual Studio Solution File, Format Version 12.00
# Visual Studio Version 17
VisualStudioVersion = 17.13.35919.96
MinimumVisualStudioVersion = 10.0.40219.1
Project("{2150E333-8FDC-42A3-9474-1A3956D46DE8}") = "Api", "Api", "{02EA681E-C7D8-13C7-8484-4AC65E1B71E8}"
EndProject
Project("{2150E333-8FDC-42A3-9474-1A3956D46DE8}") = "Frontend", "Frontend", "{BAF5246D-2923-4567-84DB-C354CD2786A6}"
EndProject
Project("{2150E333-8FDC-42A3-9474-1A3956D46DE8}") = "ToDoList", "ToDoList", "{3ABD7B49-DA1E-48DC-B48B-5CCB8D2BEB23}"
EndProject
Project("{FAE04EC0-301F-11D3-BF4B-00C04F79EFBC}") = "HotelProject.WebApi", "Api\HotelProject.WebApi\HotelProject.WebApi.csproj", "{DB2410E9-2F58-4EDE-A033-41B1BCD0B2E4}"
EndProject
Project("{FAE04EC0-301F-11D3-BF4B-00C04F79EFBC}") = "HotelProject.EntityLayer", "Api\HotelProject.EntityLayer\HotelProject.EntityLayer.csproj", "{0986DCF1-F957-4422-9EFC-83FE5B905511}"
EndProject
Project("{FAE04EC0-301F-11D3-BF4B-00C04F79EFBC}") = "HotelProject.DataAccessLayer", "Api\HotelProject.DataAccessLayer\HotelProject.DataAccessLayer.csproj", "{4D572FB1-B54D-4D66-8800-013850D2F077}"
EndProject
Project("{FAE04EC0-301F-11D3-BF4B-00C04F79EFBC}") = "HotelProject.BusinessLayer", "Api\HotelProject.BusinessLayer\HotelProject.BusinessLayer.csproj", "{ADF10563-88E2-4A38-B707-248801C16C5E}"
EndProject
Project("{FAE04EC0-301F-11D3-BF4B-00C04F79EFBC}") = "HotelProject.DtoLayer", "Api\HotelProject.DtoLayer\HotelProject.DtoLayer.csproj", "{9CB0CA63-E20C-407C-8CA7-3A0ED56A8417}"
EndProject
Project("{FAE04EC0-301F-11D3-BF4B-00C04F79EFBC}") = "HotelProject.WebUI", "Frontend\HotelProject.WebUI\HotelProject.WebUI.csproj", "{348C9058-B7F1-4DCB-B479-331FDB63AF91}"
EndProject
Global
	GlobalSection(SolutionConfigurationPlatforms) = preSolution
		Debug|Any CPU = Debug|Any CPU
		Release|Any CPU = Release|Any CPU
	EndGlobalSection
	GlobalSection(ProjectConfigurationPlatforms) = postSolution
		{DB2410E9-2F58-4EDE-A033-41B1BCD0B2E4}.Debug|Any CPU.ActiveCfg = Debug|Any CPU
		{DB2410E9-2F58-4EDE-A033-41B1BCD0B2E4}.Debug|Any CPU.Build.0 = Debug|Any CPU
		{DB2410E9-2F58-4EDE-A033-41B1BCD0B2E4}.Release|Any CPU.ActiveCfg = Release|Any CPU
		{DB2410E9-2F58-4EDE-A033-41B1BCD0B2E4}.Release|Any CPU.Build.0 = Release|Any CPU
		{0986DCF1-F957-4422-9EFC-83FE5B905511}.Debug|Any CPU.ActiveCfg = Debug|Any CPU
		{0986DCF1-F957-4422-9EFC-83FE5B905511}.Debug|Any CPU.Build.0 = Debug|Any CPU
		{0986DCF1-F957-4422-9EFC-83FE5B905511}.Release|Any CPU.ActiveCfg = Release|Any CPU
		{0986DCF1-F957-4422-9EFC-83FE5B905511}.Release|Any CPU.Build.0 = Release|Any CPU
		{4D572FB1-B54D-4D66-8800-013850D2F077}.Debug|Any CPU.ActiveCfg = Debug|Any CPU
		{4D572FB1-B54D-4D66-8800-013850D2F077}.Debug|Any CPU.Build.0 = Debug|Any CPU
		{4D572FB1-B54D-4D66-8800-013850D2F077}.Release|Any CPU.ActiveCfg = Release|Any CPU
		{4D572FB1-B54D-4D66-8800-013850D2F077}.Release|Any CPU.Build.0 = Release|Any CPU
		{ADF10563-88E2-4A38-B707-248801C16C5E}.Debug|Any CPU.ActiveCfg = Debug|Any CPU
		{ADF10563-88E2-4A38-B707-248801C16C5E}.Debug|Any CPU.Build.0 = Debug|Any CPU
		{ADF10563-88E2-4A38-B707-248801C16C5E}.Release|Any CPU.ActiveCfg = Release|Any CPU
		{ADF10563-88E2-4A38-B707-248801C16C5E}.Release|Any CPU.Build.0 = Release|Any CPU
		{9CB0CA63-E20C-407C-8CA7-3A0ED56A8417}.Debug|Any CPU.ActiveCfg = Debug|Any CPU
		{9CB0CA63-E20C-407C-8CA7-3A0ED56A8417}.Debug|Any CPU.Build.0 = Debug|Any CPU
		{9CB0CA63-E20C-407C-8CA7-3A0ED56A8417}.Release|Any CPU.ActiveCfg = Release|Any CPU
		{9CB0CA63-E20C-407C-8CA7-3A0ED56A8417}.Release|Any CPU.Build.0 = Release|Any CPU
		{348C9058-B7F1-4DCB-B479-331FDB63AF91}.Debug|Any CPU.ActiveCfg = Debug|Any CPU
		{348C9058-B7F1-4DCB-B479-331FDB63AF91}.Debug|Any CPU.Build.0 = Debug|Any CPU
		{348C9058-B7F1-4DCB-B479-331FDB63AF91}.Release|Any CPU.ActiveCfg = Release|Any CPU
		{348C9058-B7F1-4DCB-B479-331FDB63AF91}.Release|Any CPU.Build.0 = Release|Any CPU
	EndGlobalSection
	GlobalSection(SolutionProperties) = preSolution
		HideSolutionNode = FALSE
	EndGlobalSection
	GlobalSection(NestedProjects) = preSolution
		{DB2410E9-2F58-4EDE-A033-41B1BCD0B2E4} = {02EA681E-C7D8-13C7-8484-4AC65E1B71E8}
		{0986DCF1-F957-4422-9EFC-83FE5B905511} = {02EA681E-C7D8-13C7-8484-4AC65E1B71E8}
		{4D572FB1-B54D-4D66-8800-013850D2F077} = {02EA681E-C7D8-13C7-8484-4AC65E1B71E8}
		{ADF10563-88E2-4A38-B707-248801C16C5E} = {02EA681E-C7D8-13C7-8484-4AC65E1B71E8}
		{9CB0CA63-E20C-407C-8CA7-3A0ED56A8417} = {02EA681E-C7D8-13C7-8484-4AC65E1B71E8}
		{348C9058-B7F1-4DCB-B479-331FDB63AF91} = {BAF5246D-2923-4567-84DB-C354CD2786A6}
	EndGlobalSection
	GlobalSection(ExtensibilityGlobals) = postSolution
		SolutionGuid = {97FE9D95-8A73-4525-BBF0-AC8A4CE60F39}
	EndGlobalSection
EndGlobal
